
Microsoft Visual Studio Solution File, Format Version 12.00
# Visual Studio Version 16
VisualStudioVersion = 16.0.32413.511
MinimumVisualStudioVersion = 10.0.40219.1
Project("{FAE04EC0-301F-11D3-BF4B-00C04F79EFBC}") = "Projekat2023", "Projekat2023\Projekat2023.csproj", "{AC771B7C-B71B-4998-859B-6301826BB8F3}"
EndProject
Global
	GlobalSection(SolutionConfigurationPlatforms) = preSolution
		Debug|Any CPU = Debug|Any CPU
		Release|Any CPU = Release|Any CPU
	EndGlobalSection
	GlobalSection(ProjectConfigurationPlatforms) = postSolution
		{AC771B7C-B71B-4998-859B-6301826BB8F3}.Debug|Any CPU.ActiveCfg = Debug|Any CPU
		{AC771B7C-B71B-4998-859B-6301826BB8F3}.Debug|Any CPU.Build.0 = Debug|Any CPU
		{AC771B7C-B71B-4998-859B-6301826BB8F3}.Release|Any CPU.ActiveCfg = Release|Any CPU
		{AC771B7C-B71B-4998-859B-6301826BB8F3}.Release|Any CPU.Build.0 = Release|Any CPU
	EndGlobalSection
	GlobalSection(SolutionProperties) = preSolution
		HideSolutionNode = FALSE
	EndGlobalSection
	GlobalSection(ExtensibilityGlobals) = postSolution
		SolutionGuid = {6EDC4D01-A9E8-4523-B8DF-DDC216022F8C}
	EndGlobalSection
EndGlobal
